// !$*UTF8*$!
{
	archiveVersion = 1;
	classes = {
	};
	objectVersion = 50;
	objects = {

/* Begin PBXBuildFile section */
		138E966E243BC10400539B26 /* AppDelegate.swift in Sources */ = {isa = PBXBuildFile; fileRef = 138E966D243BC10400539B26 /* AppDelegate.swift */; };
		138E9670243BC10400539B26 /* SceneDelegate.swift in Sources */ = {isa = PBXBuildFile; fileRef = 138E966F243BC10400539B26 /* SceneDelegate.swift */; };
		138E9672243BC10400539B26 /* ViewController.swift in Sources */ = {isa = PBXBuildFile; fileRef = 138E9671243BC10400539B26 /* ViewController.swift */; };
		138E9675243BC10400539B26 /* Main.storyboard in Resources */ = {isa = PBXBuildFile; fileRef = 138E9673243BC10400539B26 /* Main.storyboard */; };
		138E9677243BC10400539B26 /* Assets.xcassets in Resources */ = {isa = PBXBuildFile; fileRef = 138E9676243BC10400539B26 /* Assets.xcassets */; };
		138E967A243BC10400539B26 /* LaunchScreen.storyboard in Resources */ = {isa = PBXBuildFile; fileRef = 138E9678243BC10400539B26 /* LaunchScreen.storyboard */; };
		138E9685243BC10400539B26 /* MovieAppTests.swift in Sources */ = {isa = PBXBuildFile; fileRef = 138E9684243BC10400539B26 /* MovieAppTests.swift */; };
		138E9690243BC10400539B26 /* MovieAppUITests.swift in Sources */ = {isa = PBXBuildFile; fileRef = 138E968F243BC10400539B26 /* MovieAppUITests.swift */; };
		138E969E243BC6EB00539B26 /* CustomTableViewCell.swift in Sources */ = {isa = PBXBuildFile; fileRef = 138E969D243BC6EB00539B26 /* CustomTableViewCell.swift */; };
		138E96A0243BC9AE00539B26 /* Movie.swift in Sources */ = {isa = PBXBuildFile; fileRef = 138E969F243BC9AE00539B26 /* Movie.swift */; };
/* End PBXBuildFile section */

/* Begin PBXContainerItemProxy section */
		138E9681243BC10400539B26 /* PBXContainerItemProxy */ = {
			isa = PBXContainerItemProxy;
			containerPortal = 138E9662243BC10300539B26 /* Project object */;
			proxyType = 1;
			remoteGlobalIDString = 138E9669243BC10300539B26;
			remoteInfo = MovieApp;
		};
		138E968C243BC10400539B26 /* PBXContainerItemProxy */ = {
			isa = PBXContainerItemProxy;
			containerPortal = 138E9662243BC10300539B26 /* Project object */;
			proxyType = 1;
			remoteGlobalIDString = 138E9669243BC10300539B26;
			remoteInfo = MovieApp;
		};
/* End PBXContainerItemProxy section */

/* Begin PBXFileReference section */
		138E966A243BC10400539B26 /* MovieApp.app */ = {isa = PBXFileReference; explicitFileType = wrapper.application; includeInIndex = 0; path = MovieApp.app; sourceTree = BUILT_PRODUCTS_DIR; };
		138E966D243BC10400539B26 /* AppDelegate.swift */ = {isa = PBXFileReference; lastKnownFileType = sourcecode.swift; path = AppDelegate.swift; sourceTree = "<group>"; };
		138E966F243BC10400539B26 /* SceneDelegate.swift */ = {isa = PBXFileReference; lastKnownFileType = sourcecode.swift; path = SceneDelegate.swift; sourceTree = "<group>"; };
		138E9671243BC10400539B26 /* ViewController.swift */ = {isa = PBXFileReference; lastKnownFileType = sourcecode.swift; path = ViewController.swift; sourceTree = "<group>"; };
		138E9674243BC10400539B26 /* Base */ = {isa = PBXFileReference; lastKnownFileType = file.storyboard; name = Base; path = Base.lproj/Main.storyboard; sourceTree = "<group>"; };
		138E9676243BC10400539B26 /* Assets.xcassets */ = {isa = PBXFileReference; lastKnownFileType = folder.assetcatalog; path = Assets.xcassets; sourceTree = "<group>"; };
		138E9679243BC10400539B26 /* Base */ = {isa = PBXFileReference; lastKnownFileType = file.storyboard; name = Base; path = Base.lproj/LaunchScreen.storyboard; sourceTree = "<group>"; };
		138E967B243BC10400539B26 /* Info.plist */ = {isa = PBXFileReference; lastKnownFileType = text.plist.xml; path = Info.plist; sourceTree = "<group>"; };
		138E9680243BC10400539B26 /* MovieAppTests.xctest */ = {isa = PBXFileReference; explicitFileType = wrapper.cfbundle; includeInIndex = 0; path = MovieAppTests.xctest; sourceTree = BUILT_PRODUCTS_DIR; };
		138E9684243BC10400539B26 /* MovieAppTests.swift */ = {isa = PBXFileReference; lastKnownFileType = sourcecode.swift; path = MovieAppTests.swift; sourceTree = "<group>"; };
		138E9686243BC10400539B26 /* Info.plist */ = {isa = PBXFileReference; lastKnownFileType = text.plist.xml; path = Info.plist; sourceTree = "<group>"; };
		138E968B243BC10400539B26 /* MovieAppUITests.xctest */ = {isa = PBXFileReference; explicitFileType = wrapper.cfbundle; includeInIndex = 0; path = MovieAppUITests.xctest; sourceTree = BUILT_PRODUCTS_DIR; };
		138E968F243BC10400539B26 /* MovieAppUITests.swift */ = {isa = PBXFileReference; lastKnownFileType = sourcecode.swift; path = MovieAppUITests.swift; sourceTree = "<group>"; };
		138E9691243BC10400539B26 /* Info.plist */ = {isa = PBXFileReference; lastKnownFileType = text.plist.xml; path = Info.plist; sourceTree = "<group>"; };
		138E969D243BC6EB00539B26 /* CustomTableViewCell.swift */ = {isa = PBXFileReference; lastKnownFileType = sourcecode.swift; path = CustomTableViewCell.swift; sourceTree = "<group>"; };
		138E969F243BC9AE00539B26 /* Movie.swift */ = {isa = PBXFileReference; lastKnownFileType = sourcecode.swift; path = Movie.swift; sourceTree = "<group>"; };
/* End PBXFileReference section */

/* Begin PBXFrameworksBuildPhase section */
		138E9667243BC10300539B26 /* Frameworks */ = {
			isa = PBXFrameworksBuildPhase;
			buildActionMask = 2147483647;
			files = (
			);
			runOnlyForDeploymentPostprocessing = 0;
		};
		138E967D243BC10400539B26 /* Frameworks */ = {
			isa = PBXFrameworksBuildPhase;
			buildActionMask = 2147483647;
			files = (
			);
			runOnlyForDeploymentPostprocessing = 0;
		};
		138E9688243BC10400539B26 /* Frameworks */ = {
			isa = PBXFrameworksBuildPhase;
			buildActionMask = 2147483647;
			files = (
			);
			runOnlyForDeploymentPostprocessing = 0;
		};
/* End PBXFrameworksBuildPhase section */

/* Begin PBXGroup section */
		138E9661243BC10300539B26 = {
			isa = PBXGroup;
			children = (
				138E966C243BC10400539B26 /* MovieApp */,
				138E9683243BC10400539B26 /* MovieAppTests */,
				138E968E243BC10400539B26 /* MovieAppUITests */,
				138E966B243BC10400539B26 /* Products */,
			);
			sourceTree = "<group>";
		};
		138E966B243BC10400539B26 /* Products */ = {
			isa = PBXGroup;
			children = (
				138E966A243BC10400539B26 /* MovieApp.app */,
				138E9680243BC10400539B26 /* MovieAppTests.xctest */,
				138E968B243BC10400539B26 /* MovieAppUITests.xctest */,
			);
			name = Products;
			sourceTree = "<group>";
		};
		138E966C243BC10400539B26 /* MovieApp */ = {
			isa = PBXGroup;
			children = (
				138E966D243BC10400539B26 /* AppDelegate.swift */,
				138E966F243BC10400539B26 /* SceneDelegate.swift */,
				138E9671243BC10400539B26 /* ViewController.swift */,
				138E9673243BC10400539B26 /* Main.storyboard */,
				138E9676243BC10400539B26 /* Assets.xcassets */,
				138E9678243BC10400539B26 /* LaunchScreen.storyboard */,
				138E967B243BC10400539B26 /* Info.plist */,
				138E969D243BC6EB00539B26 /* CustomTableViewCell.swift */,
				138E969F243BC9AE00539B26 /* Movie.swift */,
			);
			path = MovieApp;
			sourceTree = "<group>";
		};
		138E9683243BC10400539B26 /* MovieAppTests */ = {
			isa = PBXGroup;
			children = (
				138E9684243BC10400539B26 /* MovieAppTests.swift */,
				138E9686243BC10400539B26 /* Info.plist */,
			);
			path = MovieAppTests;
			sourceTree = "<group>";
		};
		138E968E243BC10400539B26 /* MovieAppUITests */ = {
			isa = PBXGroup;
			children = (
				138E968F243BC10400539B26 /* MovieAppUITests.swift */,
				138E9691243BC10400539B26 /* Info.plist */,
			);
			path = MovieAppUITests;
			sourceTree = "<group>";
		};
/* End PBXGroup section */

/* Begin PBXNativeTarget section */
		138E9669243BC10300539B26 /* MovieApp */ = {
			isa = PBXNativeTarget;
			buildConfigurationList = 138E9694243BC10400539B26 /* Build configuration list for PBXNativeTarget "MovieApp" */;
			buildPhases = (
				138E9666243BC10300539B26 /* Sources */,
				138E9667243BC10300539B26 /* Frameworks */,
				138E9668243BC10300539B26 /* Resources */,
			);
			buildRules = (
			);
			dependencies = (
			);
			name = MovieApp;
			productName = MovieApp;
			productReference = 138E966A243BC10400539B26 /* MovieApp.app */;
			productType = "com.apple.product-type.application";
		};
		138E967F243BC10400539B26 /* MovieAppTests */ = {
			isa = PBXNativeTarget;
			buildConfigurationList = 138E9697243BC10400539B26 /* Build configuration list for PBXNativeTarget "MovieAppTests" */;
			buildPhases = (
				138E967C243BC10400539B26 /* Sources */,
				138E967D243BC10400539B26 /* Frameworks */,
				138E967E243BC10400539B26 /* Resources */,
			);
			buildRules = (
			);
			dependencies = (
				138E9682243BC10400539B26 /* PBXTargetDependency */,
			);
			name = MovieAppTests;
			productName = MovieAppTests;
			productReference = 138E9680243BC10400539B26 /* MovieAppTests.xctest */;
			productType = "com.apple.product-type.bundle.unit-test";
		};
		138E968A243BC10400539B26 /* MovieAppUITests */ = {
			isa = PBXNativeTarget;
			buildConfigurationList = 138E969A243BC10400539B26 /* Build configuration list for PBXNativeTarget "MovieAppUITests" */;
			buildPhases = (
				138E9687243BC10400539B26 /* Sources */,
				138E9688243BC10400539B26 /* Frameworks */,
				138E9689243BC10400539B26 /* Resources */,
			);
			buildRules = (
			);
			dependencies = (
				138E968D243BC10400539B26 /* PBXTargetDependency */,
			);
			name = MovieAppUITests;
			productName = MovieAppUITests;
			productReference = 138E968B243BC10400539B26 /* MovieAppUITests.xctest */;
			productType = "com.apple.product-type.bundle.ui-testing";
		};
/* End PBXNativeTarget section */

/* Begin PBXProject section */
		138E9662243BC10300539B26 /* Project object */ = {
			isa = PBXProject;
			attributes = {
				LastSwiftUpdateCheck = 1140;
				LastUpgradeCheck = 1140;
				ORGANIZATIONNAME = "Desilva, Kiran";
				TargetAttributes = {
					138E9669243BC10300539B26 = {
						CreatedOnToolsVersion = 11.4;
					};
					138E967F243BC10400539B26 = {
						CreatedOnToolsVersion = 11.4;
						TestTargetID = 138E9669243BC10300539B26;
					};
					138E968A243BC10400539B26 = {
						CreatedOnToolsVersion = 11.4;
						TestTargetID = 138E9669243BC10300539B26;
					};
				};
			};
			buildConfigurationList = 138E9665243BC10300539B26 /* Build configuration list for PBXProject "MovieApp" */;
			compatibilityVersion = "Xcode 9.3";
			developmentRegion = en;
			hasScannedForEncodings = 0;
			knownRegions = (
				en,
				Base,
			);
			mainGroup = 138E9661243BC10300539B26;
			productRefGroup = 138E966B243BC10400539B26 /* Products */;
			projectDirPath = "";
			projectRoot = "";
			targets = (
				138E9669243BC10300539B26 /* MovieApp */,
				138E967F243BC10400539B26 /* MovieAppTests */,
				138E968A243BC10400539B26 /* MovieAppUITests */,
			);
		};
/* End PBXProject section */

/* Begin PBXResourcesBuildPhase section */
		138E9668243BC10300539B26 /* Resources */ = {
			isa = PBXResourcesBuildPhase;
			buildActionMask = 2147483647;
			files = (
				138E967A243BC10400539B26 /* LaunchScreen.storyboard in Resources */,
				138E9677243BC10400539B26 /* Assets.xcassets in Resources */,
				138E9675243BC10400539B26 /* Main.storyboard in Resources */,
			);
			runOnlyForDeploymentPostprocessing = 0;
		};
		138E967E243BC10400539B26 /* Resources */ = {
			isa = PBXResourcesBuildPhase;
			buildActionMask = 2147483647;
			files = (
			);
			runOnlyForDeploymentPostprocessing = 0;
		};
		138E9689243BC10400539B26 /* Resources */ = {
			isa = PBXResourcesBuildPhase;
			buildActionMask = 2147483647;
			files = (
			);
			runOnlyForDeploymentPostprocessing = 0;
		};
/* End PBXResourcesBuildPhase section */

/* Begin PBXSourcesBuildPhase section */
		138E9666243BC10300539B26 /* Sources */ = {
			isa = PBXSourcesBuildPhase;
			buildActionMask = 2147483647;
			files = (
				138E9672243BC10400539B26 /* ViewController.swift in Sources */,
				138E966E243BC10400539B26 /* AppDelegate.swift in Sources */,
				138E969E243BC6EB00539B26 /* CustomTableViewCell.swift in Sources */,
				138E9670243BC10400539B26 /* SceneDelegate.swift in Sources */,
				138E96A0243BC9AE00539B26 /* Movie.swift in Sources */,
			);
			runOnlyForDeploymentPostprocessing = 0;
		};
		138E967C243BC10400539B26 /* Sources */ = {
			isa = PBXSourcesBuildPhase;
			buildActionMask = 2147483647;
			files = (
				138E9685243BC10400539B26 /* MovieAppTests.swift in Sources */,
			);
			runOnlyForDeploymentPostprocessing = 0;
		};
		138E9687243BC10400539B26 /* Sources */ = {
			isa = PBXSourcesBuildPhase;
			buildActionMask = 2147483647;
			files = (
				138E9690243BC10400539B26 /* MovieAppUITests.swift in Sources */,
			);
			runOnlyForDeploymentPostprocessing = 0;
		};
/* End PBXSourcesBuildPhase section */

/* Begin PBXTargetDependency section */
		138E9682243BC10400539B26 /* PBXTargetDependency */ = {
			isa = PBXTargetDependency;
			target = 138E9669243BC10300539B26 /* MovieApp */;
			targetProxy = 138E9681243BC10400539B26 /* PBXContainerItemProxy */;
		};
		138E968D243BC10400539B26 /* PBXTargetDependency */ = {
			isa = PBXTargetDependency;
			target = 138E9669243BC10300539B26 /* MovieApp */;
			targetProxy = 138E968C243BC10400539B26 /* PBXContainerItemProxy */;
		};
/* End PBXTargetDependency section */

/* Begin PBXVariantGroup section */
		138E9673243BC10400539B26 /* Main.storyboard */ = {
			isa = PBXVariantGroup;
			children = (
				138E9674243BC10400539B26 /* Base */,
			);
			name = Main.storyboard;
			sourceTree = "<group>";
		};
		138E9678243BC10400539B26 /* LaunchScreen.storyboard */ = {
			isa = PBXVariantGroup;
			children = (
				138E9679243BC10400539B26 /* Base */,
			);
			name = LaunchScreen.storyboard;
			sourceTree = "<group>";
		};
/* End PBXVariantGroup section */

/* Begin XCBuildConfiguration section */
		138E9692243BC10400539B26 /* Debug */ = {
			isa = XCBuildConfiguration;
			buildSettings = {
				ALWAYS_SEARCH_USER_PATHS = NO;
				CLANG_ANALYZER_NONNULL = YES;
				CLANG_ANALYZER_NUMBER_OBJECT_CONVERSION = YES_AGGRESSIVE;
				CLANG_CXX_LANGUAGE_STANDARD = "gnu++14";
				CLANG_CXX_LIBRARY = "libc++";
				CLANG_ENABLE_MODULES = YES;
				CLANG_ENABLE_OBJC_ARC = YES;
				CLANG_ENABLE_OBJC_WEAK = YES;
				CLANG_WARN_BLOCK_CAPTURE_AUTORELEASING = YES;
				CLANG_WARN_BOOL_CONVERSION = YES;
				CLANG_WARN_COMMA = YES;
				CLANG_WARN_CONSTANT_CONVERSION = YES;
				CLANG_WARN_DEPRECATED_OBJC_IMPLEMENTATIONS = YES;
				CLANG_WARN_DIRECT_OBJC_ISA_USAGE = YES_ERROR;
				CLANG_WARN_DOCUMENTATION_COMMENTS = YES;
				CLANG_WARN_EMPTY_BODY = YES;
				CLANG_WARN_ENUM_CONVERSION = YES;
				CLANG_WARN_INFINITE_RECURSION = YES;
				CLANG_WARN_INT_CONVERSION = YES;
				CLANG_WARN_NON_LITERAL_NULL_CONVERSION = YES;
				CLANG_WARN_OBJC_IMPLICIT_RETAIN_SELF = YES;
				CLANG_WARN_OBJC_LITERAL_CONVERSION = YES;
				CLANG_WARN_OBJC_ROOT_CLASS = YES_ERROR;
				CLANG_WARN_RANGE_LOOP_ANALYSIS = YES;
				CLANG_WARN_STRICT_PROTOTYPES = YES;
				CLANG_WARN_SUSPICIOUS_MOVE = YES;
				CLANG_WARN_UNGUARDED_AVAILABILITY = YES_AGGRESSIVE;
				CLANG_WARN_UNREACHABLE_CODE = YES;
				CLANG_WARN__DUPLICATE_METHOD_MATCH = YES;
				COPY_PHASE_STRIP = NO;
				DEBUG_INFORMATION_FORMAT = dwarf;
				ENABLE_STRICT_OBJC_MSGSEND = YES;
				ENABLE_TESTABILITY = YES;
				GCC_C_LANGUAGE_STANDARD = gnu11;
				GCC_DYNAMIC_NO_PIC = NO;
				GCC_NO_COMMON_BLOCKS = YES;
				GCC_OPTIMIZATION_LEVEL = 0;
				GCC_PREPROCESSOR_DEFINITIONS = (
					"DEBUG=1",
					"$(inherited)",
				);
				GCC_WARN_64_TO_32_BIT_CONVERSION = YES;
				GCC_WARN_ABOUT_RETURN_TYPE = YES_ERROR;
				GCC_WARN_UNDECLARED_SELECTOR = YES;
				GCC_WARN_UNINITIALIZED_AUTOS = YES_AGGRESSIVE;
				GCC_WARN_UNUSED_FUNCTION = YES;
				GCC_WARN_UNUSED_VARIABLE = YES;
				IPHONEOS_DEPLOYMENT_TARGET = 13.4;
				MTL_ENABLE_DEBUG_INFO = INCLUDE_SOURCE;
				MTL_FAST_MATH = YES;
				ONLY_ACTIVE_ARCH = YES;
				SDKROOT = iphoneos;
				SWIFT_ACTIVE_COMPILATION_CONDITIONS = DEBUG;
				SWIFT_OPTIMIZATION_LEVEL = "-Onone";
			};
			name = Debug;
		};
		138E9693243BC10400539B26 /* Release */ = {
			isa = XCBuildConfiguration;
			buildSettings = {
				ALWAYS_SEARCH_USER_PATHS = NO;
				CLANG_ANALYZER_NONNULL = YES;
				CLANG_ANALYZER_NUMBER_OBJECT_CONVERSION = YES_AGGRESSIVE;
				CLANG_CXX_LANGUAGE_STANDARD = "gnu++14";
				CLANG_CXX_LIBRARY = "libc++";
				CLANG_ENABLE_MODULES = YES;
				CLANG_ENABLE_OBJC_ARC = YES;
				CLANG_ENABLE_OBJC_WEAK = YES;
				CLANG_WARN_BLOCK_CAPTURE_AUTORELEASING = YES;
				CLANG_WARN_BOOL_CONVERSION = YES;
				CLANG_WARN_COMMA = YES;
				CLANG_WARN_CONSTANT_CONVERSION = YES;
				CLANG_WARN_DEPRECATED_OBJC_IMPLEMENTATIONS = YES;
				CLANG_WARN_DIRECT_OBJC_ISA_USAGE = YES_ERROR;
				CLANG_WARN_DOCUMENTATION_COMMENTS = YES;
				CLANG_WARN_EMPTY_BODY = YES;
				CLANG_WARN_ENUM_CONVERSION = YES;
				CLANG_WARN_INFINITE_RECURSION = YES;
				CLANG_WARN_INT_CONVERSION = YES;
				CLANG_WARN_NON_LITERAL_NULL_CONVERSION = YES;
				CLANG_WARN_OBJC_IMPLICIT_RETAIN_SELF = YES;
				CLANG_WARN_OBJC_LITERAL_CONVERSION = YES;
				CLANG_WARN_OBJC_ROOT_CLASS = YES_ERROR;
				CLANG_WARN_RANGE_LOOP_ANALYSIS = YES;
				CLANG_WARN_STRICT_PROTOTYPES = YES;
				CLANG_WARN_SUSPICIOUS_MOVE = YES;
				CLANG_WARN_UNGUARDED_AVAILABILITY = YES_AGGRESSIVE;
				CLANG_WARN_UNREACHABLE_CODE = YES;
				CLANG_WARN__DUPLICATE_METHOD_MATCH = YES;
				COPY_PHASE_STRIP = NO;
				DEBUG_INFORMATION_FORMAT = "dwarf-with-dsym";
				ENABLE_NS_ASSERTIONS = NO;
				ENABLE_STRICT_OBJC_MSGSEND = YES;
				GCC_C_LANGUAGE_STANDARD = gnu11;
				GCC_NO_COMMON_BLOCKS = YES;
				GCC_WARN_64_TO_32_BIT_CONVERSION = YES;
				GCC_WARN_ABOUT_RETURN_TYPE = YES_ERROR;
				GCC_WARN_UNDECLARED_SELECTOR = YES;
				GCC_WARN_UNINITIALIZED_AUTOS = YES_AGGRESSIVE;
				GCC_WARN_UNUSED_FUNCTION = YES;
				GCC_WARN_UNUSED_VARIABLE = YES;
				IPHONEOS_DEPLOYMENT_TARGET = 13.4;
				MTL_ENABLE_DEBUG_INFO = NO;
				MTL_FAST_MATH = YES;
				SDKROOT = iphoneos;
				SWIFT_COMPILATION_MODE = wholemodule;
				SWIFT_OPTIMIZATION_LEVEL = "-O";
				VALIDATE_PRODUCT = YES;
			};
			name = Release;
		};
		138E9695243BC10400539B26 /* Debug */ = {
			isa = XCBuildConfiguration;
			buildSettings = {
				ASSETCATALOG_COMPILER_APPICON_NAME = AppIcon;
				CODE_SIGN_STYLE = Automatic;
				INFOPLIST_FILE = MovieApp/Info.plist;
				LD_RUNPATH_SEARCH_PATHS = (
					"$(inherited)",
					"@executable_path/Frameworks",
				);
				PRODUCT_BUNDLE_IDENTIFIER = Test.MovieApp;
				PRODUCT_NAME = "$(TARGET_NAME)";
				SWIFT_VERSION = 5.0;
				TARGETED_DEVICE_FAMILY = "1,2";
			};
			name = Debug;
		};
		138E9696243BC10400539B26 /* Release */ = {
			isa = XCBuildConfiguration;
			buildSettings = {
				ASSETCATALOG_COMPILER_APPICON_NAME = AppIcon;
				CODE_SIGN_STYLE = Automatic;
				INFOPLIST_FILE = MovieApp/Info.plist;
				LD_RUNPATH_SEARCH_PATHS = (
					"$(inherited)",
					"@executable_path/Frameworks",
				);
				PRODUCT_BUNDLE_IDENTIFIER = Test.MovieApp;
				PRODUCT_NAME = "$(TARGET_NAME)";
				SWIFT_VERSION = 5.0;
				TARGETED_DEVICE_FAMILY = "1,2";
			};
			name = Release;
		};
		138E9698243BC10400539B26 /* Debug */ = {
			isa = XCBuildConfiguration;
			buildSettings = {
				ALWAYS_EMBED_SWIFT_STANDARD_LIBRARIES = YES;
				BUNDLE_LOADER = "$(TEST_HOST)";
				CODE_SIGN_STYLE = Automatic;
				INFOPLIST_FILE = MovieAppTests/Info.plist;
				IPHONEOS_DEPLOYMENT_TARGET = 13.4;
				LD_RUNPATH_SEARCH_PATHS = (
					"$(inherited)",
					"@executable_path/Frameworks",
					"@loader_path/Frameworks",
				);
				PRODUCT_BUNDLE_IDENTIFIER = Test.MovieAppTests;
				PRODUCT_NAME = "$(TARGET_NAME)";
				SWIFT_VERSION = 5.0;
				TARGETED_DEVICE_FAMILY = "1,2";
				TEST_HOST = "$(BUILT_PRODUCTS_DIR)/MovieApp.app/MovieApp";
			};
			name = Debug;
		};
		138E9699243BC10400539B26 /* Release */ = {
			isa = XCBuildConfiguration;
			buildSettings = {
				ALWAYS_EMBED_SWIFT_STANDARD_LIBRARIES = YES;
				BUNDLE_LOADER = "$(TEST_HOST)";
				CODE_SIGN_STYLE = Automatic;
				INFOPLIST_FILE = MovieAppTests/Info.plist;
				IPHONEOS_DEPLOYMENT_TARGET = 13.4;
				LD_RUNPATH_SEARCH_PATHS = (
					"$(inherited)",
					"@executable_path/Frameworks",
					"@loader_path/Frameworks",
				);
				PRODUCT_BUNDLE_IDENTIFIER = Test.MovieAppTests;
				PRODUCT_NAME = "$(TARGET_NAME)";
				SWIFT_VERSION = 5.0;
				TARGETED_DEVICE_FAMILY = "1,2";
				TEST_HOST = "$(BUILT_PRODUCTS_DIR)/MovieApp.app/MovieApp";
			};
			name = Release;
		};
		138E969B243BC10400539B26 /* Debug */ = {
			isa = XCBuildConfiguration;
			buildSettings = {
				ALWAYS_EMBED_SWIFT_STANDARD_LIBRARIES = YES;
				CODE_SIGN_STYLE = Automatic;
				INFOPLIST_FILE = MovieAppUITests/Info.plist;
				LD_RUNPATH_SEARCH_PATHS = (
					"$(inherited)",
					"@executable_path/Frameworks",
					"@loader_path/Frameworks",
				);
				PRODUCT_BUNDLE_IDENTIFIER = Test.MovieAppUITests;
				PRODUCT_NAME = "$(TARGET_NAME)";
				SWIFT_VERSION = 5.0;
				TARGETED_DEVICE_FAMILY = "1,2";
				TEST_TARGET_NAME = MovieApp;
			};
			name = Debug;
		};
		138E969C243BC10400539B26 /* Release */ = {
			isa = XCBuildConfiguration;
			buildSettings = {
				ALWAYS_EMBED_SWIFT_STANDARD_LIBRARIES = YES;
				CODE_SIGN_STYLE = Automatic;
				INFOPLIST_FILE = MovieAppUITests/Info.plist;
				LD_RUNPATH_SEARCH_PATHS = (
					"$(inherited)",
					"@executable_path/Frameworks",
					"@loader_path/Frameworks",
				);
				PRODUCT_BUNDLE_IDENTIFIER = Test.MovieAppUITests;
				PRODUCT_NAME = "$(TARGET_NAME)";
				SWIFT_VERSION = 5.0;
				TARGETED_DEVICE_FAMILY = "1,2";
				TEST_TARGET_NAME = MovieApp;
			};
			name = Release;
		};
/* End XCBuildConfiguration section */

/* Begin XCConfigurationList section */
		138E9665243BC10300539B26 /* Build configuration list for PBXProject "MovieApp" */ = {
			isa = XCConfigurationList;
			buildConfigurations = (
				138E9692243BC10400539B26 /* Debug */,
				138E9693243BC10400539B26 /* Release */,
			);
			defaultConfigurationIsVisible = 0;
			defaultConfigurationName = Release;
		};
		138E9694243BC10400539B26 /* Build configuration list for PBXNativeTarget "MovieApp" */ = {
			isa = XCConfigurationList;
			buildConfigurations = (
				138E9695243BC10400539B26 /* Debug */,
				138E9696243BC10400539B26 /* Release */,
			);
			defaultConfigurationIsVisible = 0;
			defaultConfigurationName = Release;
		};
		138E9697243BC10400539B26 /* Build configuration list for PBXNativeTarget "MovieAppTests" */ = {
			isa = XCConfigurationList;
			buildConfigurations = (
				138E9698243BC10400539B26 /* Debug */,
				138E9699243BC10400539B26 /* Release */,
			);
			defaultConfigurationIsVisible = 0;
			defaultConfigurationName = Release;
		};
		138E969A243BC10400539B26 /* Build configuration list for PBXNativeTarget "MovieAppUITests" */ = {
			isa = XCConfigurationList;
			buildConfigurations = (
				138E969B243BC10400539B26 /* Debug */,
				138E969C243BC10400539B26 /* Release */,
			);
			defaultConfigurationIsVisible = 0;
			defaultConfigurationName = Release;
		};
/* End XCConfigurationList section */
	};
	rootObject = 138E9662243BC10300539B26 /* Project object */;
}
